
Microsoft Visual Studio Solution File, Format Version 12.00
# Visual Studio 15
VisualStudioVersion = 15.0.27703.2035
MinimumVisualStudioVersion = 10.0.40219.1
Project("{9A19103F-16F7-4668-BE54-9A1E7A4F7556}") = "TicTacToe", "TicTacToe\TicTacToe.csproj", "{F3C7C129-60BA-414D-803E-F6D622465801}"
EndProject
Project("{FAE04EC0-301F-11D3-BF4B-00C04F79EFBC}") = "TicTacToe_Tests", "TicTacToe_Tests\TicTacToe_Tests.csproj", "{281F84E9-3519-4879-B349-E5DC63679C29}"
EndProject
Global
	GlobalSection(SolutionConfigurationPlatforms) = preSolution
		Debug|Any CPU = Debug|Any CPU
		Release|Any CPU = Release|Any CPU
	EndGlobalSection
	GlobalSection(ProjectConfigurationPlatforms) = postSolution
		{F3C7C129-60BA-414D-803E-F6D622465801}.Debug|Any CPU.ActiveCfg = Debug|Any CPU
		{F3C7C129-60BA-414D-803E-F6D622465801}.Debug|Any CPU.Build.0 = Debug|Any CPU
		{F3C7C129-60BA-414D-803E-F6D622465801}.Release|Any CPU.ActiveCfg = Release|Any CPU
		{F3C7C129-60BA-414D-803E-F6D622465801}.Release|Any CPU.Build.0 = Release|Any CPU
		{281F84E9-3519-4879-B349-E5DC63679C29}.Debug|Any CPU.ActiveCfg = Debug|Any CPU
		{281F84E9-3519-4879-B349-E5DC63679C29}.Debug|Any CPU.Build.0 = Debug|Any CPU
		{281F84E9-3519-4879-B349-E5DC63679C29}.Release|Any CPU.ActiveCfg = Release|Any CPU
		{281F84E9-3519-4879-B349-E5DC63679C29}.Release|Any CPU.Build.0 = Release|Any CPU
	EndGlobalSection
	GlobalSection(SolutionProperties) = preSolution
		HideSolutionNode = FALSE
	EndGlobalSection
	GlobalSection(ExtensibilityGlobals) = postSolution
		SolutionGuid = {05DC6A70-38ED-4B0C-A23F-9AFA60258A1B}
	EndGlobalSection
EndGlobal
